
Microsoft Visual Studio Solution File, Format Version 12.00
# Visual Studio Version 16
VisualStudioVersion = 16.0.31624.102
MinimumVisualStudioVersion = 10.0.40219.1
Project("{FAE04EC0-301F-11D3-BF4B-00C04F79EFBC}") = "Iteratoner", "Iteratoner\Iteratoner.csproj", "{AB636328-CD44-4E0A-BB6A-602D4F4C9103}"
EndProject
Project("{FAE04EC0-301F-11D3-BF4B-00C04F79EFBC}") = "while-demo", "while-demo\while-demo.csproj", "{9CC1B574-F9D0-4199-BC4C-50FFD5974E71}"
EndProject
Project("{FAE04EC0-301F-11D3-BF4B-00C04F79EFBC}") = "do-while", "do-while\do-while.csproj", "{1E4FAEA9-3FA9-48A9-98D2-2A9607F9261B}"
EndProject
Global
	GlobalSection(SolutionConfigurationPlatforms) = preSolution
		Debug|Any CPU = Debug|Any CPU
		Release|Any CPU = Release|Any CPU
	EndGlobalSection
	GlobalSection(ProjectConfigurationPlatforms) = postSolution
		{AB636328-CD44-4E0A-BB6A-602D4F4C9103}.Debug|Any CPU.ActiveCfg = Debug|Any CPU
		{AB636328-CD44-4E0A-BB6A-602D4F4C9103}.Debug|Any CPU.Build.0 = Debug|Any CPU
		{AB636328-CD44-4E0A-BB6A-602D4F4C9103}.Release|Any CPU.ActiveCfg = Release|Any CPU
		{AB636328-CD44-4E0A-BB6A-602D4F4C9103}.Release|Any CPU.Build.0 = Release|Any CPU
		{9CC1B574-F9D0-4199-BC4C-50FFD5974E71}.Debug|Any CPU.ActiveCfg = Debug|Any CPU
		{9CC1B574-F9D0-4199-BC4C-50FFD5974E71}.Debug|Any CPU.Build.0 = Debug|Any CPU
		{9CC1B574-F9D0-4199-BC4C-50FFD5974E71}.Release|Any CPU.ActiveCfg = Release|Any CPU
		{9CC1B574-F9D0-4199-BC4C-50FFD5974E71}.Release|Any CPU.Build.0 = Release|Any CPU
		{1E4FAEA9-3FA9-48A9-98D2-2A9607F9261B}.Debug|Any CPU.ActiveCfg = Debug|Any CPU
		{1E4FAEA9-3FA9-48A9-98D2-2A9607F9261B}.Debug|Any CPU.Build.0 = Debug|Any CPU
		{1E4FAEA9-3FA9-48A9-98D2-2A9607F9261B}.Release|Any CPU.ActiveCfg = Release|Any CPU
		{1E4FAEA9-3FA9-48A9-98D2-2A9607F9261B}.Release|Any CPU.Build.0 = Release|Any CPU
	EndGlobalSection
	GlobalSection(SolutionProperties) = preSolution
		HideSolutionNode = FALSE
	EndGlobalSection
	GlobalSection(ExtensibilityGlobals) = postSolution
		SolutionGuid = {034A31AA-DEB8-4EB8-92C1-7324AC355055}
	EndGlobalSection
EndGlobal
