
Microsoft Visual Studio Solution File, Format Version 12.00
# Visual Studio Version 16
VisualStudioVersion = 16.0.31624.102
MinimumVisualStudioVersion = 10.0.40219.1
Project("{FAE04EC0-301F-11D3-BF4B-00C04F79EFBC}") = "RepetitionV37", "RepetitionV37\RepetitionV37.csproj", "{68FECEE5-98EA-44AB-A4DD-6559E635C616}"
EndProject
Global
	GlobalSection(SolutionConfigurationPlatforms) = preSolution
		Debug|Any CPU = Debug|Any CPU
		Release|Any CPU = Release|Any CPU
	EndGlobalSection
	GlobalSection(ProjectConfigurationPlatforms) = postSolution
		{68FECEE5-98EA-44AB-A4DD-6559E635C616}.Debug|Any CPU.ActiveCfg = Debug|Any CPU
		{68FECEE5-98EA-44AB-A4DD-6559E635C616}.Debug|Any CPU.Build.0 = Debug|Any CPU
		{68FECEE5-98EA-44AB-A4DD-6559E635C616}.Release|Any CPU.ActiveCfg = Release|Any CPU
		{68FECEE5-98EA-44AB-A4DD-6559E635C616}.Release|Any CPU.Build.0 = Release|Any CPU
	EndGlobalSection
	GlobalSection(SolutionProperties) = preSolution
		HideSolutionNode = FALSE
	EndGlobalSection
	GlobalSection(ExtensibilityGlobals) = postSolution
		SolutionGuid = {524AF4E8-C412-48AA-844C-8F478C1F93DF}
	EndGlobalSection
EndGlobal
