
Microsoft Visual Studio Solution File, Format Version 12.00
# Visual Studio Version 16
VisualStudioVersion = 16.0.31624.102
MinimumVisualStudioVersion = 10.0.40219.1
Project("{FAE04EC0-301F-11D3-BF4B-00C04F79EFBC}") = "if-ovning1", "if-ovning1\if-ovning1.csproj", "{47719641-AF85-4EFD-A977-B82CB9CFEF1A}"
EndProject
Global
	GlobalSection(SolutionConfigurationPlatforms) = preSolution
		Debug|Any CPU = Debug|Any CPU
		Release|Any CPU = Release|Any CPU
	EndGlobalSection
	GlobalSection(ProjectConfigurationPlatforms) = postSolution
		{47719641-AF85-4EFD-A977-B82CB9CFEF1A}.Debug|Any CPU.ActiveCfg = Debug|Any CPU
		{47719641-AF85-4EFD-A977-B82CB9CFEF1A}.Debug|Any CPU.Build.0 = Debug|Any CPU
		{47719641-AF85-4EFD-A977-B82CB9CFEF1A}.Release|Any CPU.ActiveCfg = Release|Any CPU
		{47719641-AF85-4EFD-A977-B82CB9CFEF1A}.Release|Any CPU.Build.0 = Release|Any CPU
	EndGlobalSection
	GlobalSection(SolutionProperties) = preSolution
		HideSolutionNode = FALSE
	EndGlobalSection
	GlobalSection(ExtensibilityGlobals) = postSolution
		SolutionGuid = {5845A1DC-66B9-44C6-8394-B77BEE5AF9EF}
	EndGlobalSection
EndGlobal
