
Microsoft Visual Studio Solution File, Format Version 12.00
# Visual Studio Version 16
VisualStudioVersion = 16.0.31702.278
MinimumVisualStudioVersion = 10.0.40219.1
Project("{FAE04EC0-301F-11D3-BF4B-00C04F79EFBC}") = "MainMenu", "MainMenu\MainMenu.csproj", "{E061C810-A3D0-48E2-88C7-B5ED6BD7B7EC}"
EndProject
Global
	GlobalSection(SolutionConfigurationPlatforms) = preSolution
		Debug|Any CPU = Debug|Any CPU
		Release|Any CPU = Release|Any CPU
	EndGlobalSection
	GlobalSection(ProjectConfigurationPlatforms) = postSolution
		{E061C810-A3D0-48E2-88C7-B5ED6BD7B7EC}.Debug|Any CPU.ActiveCfg = Debug|Any CPU
		{E061C810-A3D0-48E2-88C7-B5ED6BD7B7EC}.Debug|Any CPU.Build.0 = Debug|Any CPU
		{E061C810-A3D0-48E2-88C7-B5ED6BD7B7EC}.Release|Any CPU.ActiveCfg = Release|Any CPU
		{E061C810-A3D0-48E2-88C7-B5ED6BD7B7EC}.Release|Any CPU.Build.0 = Release|Any CPU
	EndGlobalSection
	GlobalSection(SolutionProperties) = preSolution
		HideSolutionNode = FALSE
	EndGlobalSection
	GlobalSection(ExtensibilityGlobals) = postSolution
		SolutionGuid = {3E74A72A-1A9B-43B2-909C-30ACBCAF296E}
	EndGlobalSection
EndGlobal
