
Microsoft Visual Studio Solution File, Format Version 12.00
# Visual Studio Version 16
VisualStudioVersion = 16.0.31624.102
MinimumVisualStudioVersion = 10.0.40219.1
Project("{FAE04EC0-301F-11D3-BF4B-00C04F79EFBC}") = "FileIOFirstTest", "FileIOFirstTest\FileIOFirstTest.csproj", "{6DE9C674-5AC4-4CAD-A8AD-9DDA7C31910F}"
EndProject
Project("{FAE04EC0-301F-11D3-BF4B-00C04F79EFBC}") = "test2", "test2\test2.csproj", "{8CBF9348-2380-47A8-8FF5-F73DE4DDE0BC}"
EndProject
Global
	GlobalSection(SolutionConfigurationPlatforms) = preSolution
		Debug|Any CPU = Debug|Any CPU
		Release|Any CPU = Release|Any CPU
	EndGlobalSection
	GlobalSection(ProjectConfigurationPlatforms) = postSolution
		{6DE9C674-5AC4-4CAD-A8AD-9DDA7C31910F}.Debug|Any CPU.ActiveCfg = Debug|Any CPU
		{6DE9C674-5AC4-4CAD-A8AD-9DDA7C31910F}.Debug|Any CPU.Build.0 = Debug|Any CPU
		{6DE9C674-5AC4-4CAD-A8AD-9DDA7C31910F}.Release|Any CPU.ActiveCfg = Release|Any CPU
		{6DE9C674-5AC4-4CAD-A8AD-9DDA7C31910F}.Release|Any CPU.Build.0 = Release|Any CPU
		{8CBF9348-2380-47A8-8FF5-F73DE4DDE0BC}.Debug|Any CPU.ActiveCfg = Debug|Any CPU
		{8CBF9348-2380-47A8-8FF5-F73DE4DDE0BC}.Debug|Any CPU.Build.0 = Debug|Any CPU
		{8CBF9348-2380-47A8-8FF5-F73DE4DDE0BC}.Release|Any CPU.ActiveCfg = Release|Any CPU
		{8CBF9348-2380-47A8-8FF5-F73DE4DDE0BC}.Release|Any CPU.Build.0 = Release|Any CPU
	EndGlobalSection
	GlobalSection(SolutionProperties) = preSolution
		HideSolutionNode = FALSE
	EndGlobalSection
	GlobalSection(ExtensibilityGlobals) = postSolution
		SolutionGuid = {32424A1D-9AB9-4C53-BE36-2A9E4AD0C2B1}
	EndGlobalSection
EndGlobal
