
Microsoft Visual Studio Solution File, Format Version 12.00
# Visual Studio Version 16
VisualStudioVersion = 16.0.31702.278
MinimumVisualStudioVersion = 10.0.40219.1
Project("{FAE04EC0-301F-11D3-BF4B-00C04F79EFBC}") = "DictionaryDemo", "DictionaryDemo\DictionaryDemo.csproj", "{B3A4C44D-B700-4B81-AE95-6C9A11A195D7}"
EndProject
Global
	GlobalSection(SolutionConfigurationPlatforms) = preSolution
		Debug|Any CPU = Debug|Any CPU
		Release|Any CPU = Release|Any CPU
	EndGlobalSection
	GlobalSection(ProjectConfigurationPlatforms) = postSolution
		{B3A4C44D-B700-4B81-AE95-6C9A11A195D7}.Debug|Any CPU.ActiveCfg = Debug|Any CPU
		{B3A4C44D-B700-4B81-AE95-6C9A11A195D7}.Debug|Any CPU.Build.0 = Debug|Any CPU
		{B3A4C44D-B700-4B81-AE95-6C9A11A195D7}.Release|Any CPU.ActiveCfg = Release|Any CPU
		{B3A4C44D-B700-4B81-AE95-6C9A11A195D7}.Release|Any CPU.Build.0 = Release|Any CPU
	EndGlobalSection
	GlobalSection(SolutionProperties) = preSolution
		HideSolutionNode = FALSE
	EndGlobalSection
	GlobalSection(ExtensibilityGlobals) = postSolution
		SolutionGuid = {ACB52AA0-4C7F-4BB5-86E0-3C03DF424103}
	EndGlobalSection
EndGlobal
