
Microsoft Visual Studio Solution File, Format Version 12.00
# Visual Studio Version 16
VisualStudioVersion = 16.0.31702.278
MinimumVisualStudioVersion = 10.0.40219.1
Project("{FAE04EC0-301F-11D3-BF4B-00C04F79EFBC}") = "Movie+API+JSON", "Movie+API+JSON\Movie+API+JSON.csproj", "{2075739F-B756-423F-BF72-BA380AFB46F4}"
EndProject
Global
	GlobalSection(SolutionConfigurationPlatforms) = preSolution
		Debug|Any CPU = Debug|Any CPU
		Release|Any CPU = Release|Any CPU
	EndGlobalSection
	GlobalSection(ProjectConfigurationPlatforms) = postSolution
		{2075739F-B756-423F-BF72-BA380AFB46F4}.Debug|Any CPU.ActiveCfg = Debug|Any CPU
		{2075739F-B756-423F-BF72-BA380AFB46F4}.Debug|Any CPU.Build.0 = Debug|Any CPU
		{2075739F-B756-423F-BF72-BA380AFB46F4}.Release|Any CPU.ActiveCfg = Release|Any CPU
		{2075739F-B756-423F-BF72-BA380AFB46F4}.Release|Any CPU.Build.0 = Release|Any CPU
	EndGlobalSection
	GlobalSection(SolutionProperties) = preSolution
		HideSolutionNode = FALSE
	EndGlobalSection
	GlobalSection(ExtensibilityGlobals) = postSolution
		SolutionGuid = {C089C23E-BEE2-412D-96FC-0BD256AF6A8A}
	EndGlobalSection
EndGlobal
