
Microsoft Visual Studio Solution File, Format Version 12.00
# Visual Studio Version 16
VisualStudioVersion = 16.0.31702.278
MinimumVisualStudioVersion = 10.0.40219.1
Project("{FAE04EC0-301F-11D3-BF4B-00C04F79EFBC}") = "WinFormsHello", "WinFormsHello\WinFormsHello.csproj", "{8E890E41-D42B-46D4-AB6E-B10C33CECE60}"
EndProject
Global
	GlobalSection(SolutionConfigurationPlatforms) = preSolution
		Debug|Any CPU = Debug|Any CPU
		Release|Any CPU = Release|Any CPU
	EndGlobalSection
	GlobalSection(ProjectConfigurationPlatforms) = postSolution
		{8E890E41-D42B-46D4-AB6E-B10C33CECE60}.Debug|Any CPU.ActiveCfg = Debug|Any CPU
		{8E890E41-D42B-46D4-AB6E-B10C33CECE60}.Debug|Any CPU.Build.0 = Debug|Any CPU
		{8E890E41-D42B-46D4-AB6E-B10C33CECE60}.Release|Any CPU.ActiveCfg = Release|Any CPU
		{8E890E41-D42B-46D4-AB6E-B10C33CECE60}.Release|Any CPU.Build.0 = Release|Any CPU
	EndGlobalSection
	GlobalSection(SolutionProperties) = preSolution
		HideSolutionNode = FALSE
	EndGlobalSection
	GlobalSection(ExtensibilityGlobals) = postSolution
		SolutionGuid = {14A6BDC3-61B5-4E24-A3D5-62127E562B44}
	EndGlobalSection
EndGlobal
