
Microsoft Visual Studio Solution File, Format Version 12.00
# Visual Studio Version 16
VisualStudioVersion = 16.0.31729.503
MinimumVisualStudioVersion = 10.0.40219.1
Project("{FAE04EC0-301F-11D3-BF4B-00C04F79EFBC}") = "TicketChooser", "TicketChooser\TicketChooser.csproj", "{501C76B4-3FB4-469A-A45B-D9336C9EA6E6}"
EndProject
Global
	GlobalSection(SolutionConfigurationPlatforms) = preSolution
		Debug|Any CPU = Debug|Any CPU
		Release|Any CPU = Release|Any CPU
	EndGlobalSection
	GlobalSection(ProjectConfigurationPlatforms) = postSolution
		{501C76B4-3FB4-469A-A45B-D9336C9EA6E6}.Debug|Any CPU.ActiveCfg = Debug|Any CPU
		{501C76B4-3FB4-469A-A45B-D9336C9EA6E6}.Debug|Any CPU.Build.0 = Debug|Any CPU
		{501C76B4-3FB4-469A-A45B-D9336C9EA6E6}.Release|Any CPU.ActiveCfg = Release|Any CPU
		{501C76B4-3FB4-469A-A45B-D9336C9EA6E6}.Release|Any CPU.Build.0 = Release|Any CPU
	EndGlobalSection
	GlobalSection(SolutionProperties) = preSolution
		HideSolutionNode = FALSE
	EndGlobalSection
	GlobalSection(ExtensibilityGlobals) = postSolution
		SolutionGuid = {DB7245E1-72EF-4F9B-8B3D-96E74EE87785}
	EndGlobalSection
EndGlobal
