
Microsoft Visual Studio Solution File, Format Version 12.00
# Visual Studio Version 16
VisualStudioVersion = 16.0.31702.278
MinimumVisualStudioVersion = 10.0.40219.1
Project("{FAE04EC0-301F-11D3-BF4B-00C04F79EFBC}") = "DiceGameWithClasses", "DiceGameWithClasses\DiceGameWithClasses.csproj", "{97A68F31-B73E-4071-9846-49B5FD6AB533}"
EndProject
Global
	GlobalSection(SolutionConfigurationPlatforms) = preSolution
		Debug|Any CPU = Debug|Any CPU
		Release|Any CPU = Release|Any CPU
	EndGlobalSection
	GlobalSection(ProjectConfigurationPlatforms) = postSolution
		{97A68F31-B73E-4071-9846-49B5FD6AB533}.Debug|Any CPU.ActiveCfg = Debug|Any CPU
		{97A68F31-B73E-4071-9846-49B5FD6AB533}.Debug|Any CPU.Build.0 = Debug|Any CPU
		{97A68F31-B73E-4071-9846-49B5FD6AB533}.Release|Any CPU.ActiveCfg = Release|Any CPU
		{97A68F31-B73E-4071-9846-49B5FD6AB533}.Release|Any CPU.Build.0 = Release|Any CPU
	EndGlobalSection
	GlobalSection(SolutionProperties) = preSolution
		HideSolutionNode = FALSE
	EndGlobalSection
	GlobalSection(ExtensibilityGlobals) = postSolution
		SolutionGuid = {12EF21F8-BE19-4A22-9755-2C189179B4A9}
	EndGlobalSection
EndGlobal
